
Microsoft Visual Studio Solution File, Format Version 12.00
# Visual Studio Version 17
VisualStudioVersion = 17.9.34622.214
MinimumVisualStudioVersion = 10.0.40219.1
Project("{2150E333-8FDC-42A3-9474-1A3956D46DE8}") = "src", "src", "{F998C241-5AD3-4309-83D9-936E93551A0F}"
EndProject
Project("{FAE04EC0-301F-11D3-BF4B-00C04F79EFBC}") = "PATIENT.API", "src\PATIENT.API\PATIENT.API.csproj", "{A88F0408-44AE-4A72-A4C0-3C9303888C5A}"
EndProject
Project("{FAE04EC0-301F-11D3-BF4B-00C04F79EFBC}") = "PATIENT.DOMAIN", "src\PATIENT.DOMAIN\PATIENT.DOMAIN.csproj", "{EE34C23E-0F78-4EC5-BA8B-A0395E2565D4}"
EndProject
Project("{FAE04EC0-301F-11D3-BF4B-00C04F79EFBC}") = "PATIENT.INFRA", "PATIENT.INFRA\PATIENT.INFRA.csproj", "{A918E4A6-1ECD-4830-88B2-2EFDA130CB6E}"
EndProject
Project("{FAE04EC0-301F-11D3-BF4B-00C04F79EFBC}") = "PATIENT.APPLICATION", "PATIENT.APPLICATION\PATIENT.APPLICATION.csproj", "{0FFE5808-80D2-4233-99AB-6B558F50281E}"
EndProject
Project("{2150E333-8FDC-42A3-9474-1A3956D46DE8}") = "tests", "tests", "{DB69C6C8-04C6-4CBA-925A-6C596D4E1F7B}"
EndProject
Project("{FAE04EC0-301F-11D3-BF4B-00C04F79EFBC}") = "PATIENT.TESTS", "PATIENT.TESTS\PATIENT.TESTS.csproj", "{221BA935-2A5B-4DBB-9BC2-CFF6635F5643}"
EndProject
Global
	GlobalSection(SolutionConfigurationPlatforms) = preSolution
		Debug|Any CPU = Debug|Any CPU
		Release|Any CPU = Release|Any CPU
	EndGlobalSection
	GlobalSection(ProjectConfigurationPlatforms) = postSolution
		{A88F0408-44AE-4A72-A4C0-3C9303888C5A}.Debug|Any CPU.ActiveCfg = Debug|Any CPU
		{A88F0408-44AE-4A72-A4C0-3C9303888C5A}.Debug|Any CPU.Build.0 = Debug|Any CPU
		{A88F0408-44AE-4A72-A4C0-3C9303888C5A}.Release|Any CPU.ActiveCfg = Release|Any CPU
		{A88F0408-44AE-4A72-A4C0-3C9303888C5A}.Release|Any CPU.Build.0 = Release|Any CPU
		{EE34C23E-0F78-4EC5-BA8B-A0395E2565D4}.Debug|Any CPU.ActiveCfg = Debug|Any CPU
		{EE34C23E-0F78-4EC5-BA8B-A0395E2565D4}.Debug|Any CPU.Build.0 = Debug|Any CPU
		{EE34C23E-0F78-4EC5-BA8B-A0395E2565D4}.Release|Any CPU.ActiveCfg = Release|Any CPU
		{EE34C23E-0F78-4EC5-BA8B-A0395E2565D4}.Release|Any CPU.Build.0 = Release|Any CPU
		{A918E4A6-1ECD-4830-88B2-2EFDA130CB6E}.Debug|Any CPU.ActiveCfg = Debug|Any CPU
		{A918E4A6-1ECD-4830-88B2-2EFDA130CB6E}.Debug|Any CPU.Build.0 = Debug|Any CPU
		{A918E4A6-1ECD-4830-88B2-2EFDA130CB6E}.Release|Any CPU.ActiveCfg = Release|Any CPU
		{A918E4A6-1ECD-4830-88B2-2EFDA130CB6E}.Release|Any CPU.Build.0 = Release|Any CPU
		{0FFE5808-80D2-4233-99AB-6B558F50281E}.Debug|Any CPU.ActiveCfg = Debug|Any CPU
		{0FFE5808-80D2-4233-99AB-6B558F50281E}.Debug|Any CPU.Build.0 = Debug|Any CPU
		{0FFE5808-80D2-4233-99AB-6B558F50281E}.Release|Any CPU.ActiveCfg = Release|Any CPU
		{0FFE5808-80D2-4233-99AB-6B558F50281E}.Release|Any CPU.Build.0 = Release|Any CPU
		{221BA935-2A5B-4DBB-9BC2-CFF6635F5643}.Debug|Any CPU.ActiveCfg = Debug|Any CPU
		{221BA935-2A5B-4DBB-9BC2-CFF6635F5643}.Debug|Any CPU.Build.0 = Debug|Any CPU
		{221BA935-2A5B-4DBB-9BC2-CFF6635F5643}.Release|Any CPU.ActiveCfg = Release|Any CPU
		{221BA935-2A5B-4DBB-9BC2-CFF6635F5643}.Release|Any CPU.Build.0 = Release|Any CPU
	EndGlobalSection
	GlobalSection(SolutionProperties) = preSolution
		HideSolutionNode = FALSE
	EndGlobalSection
	GlobalSection(NestedProjects) = preSolution
		{A88F0408-44AE-4A72-A4C0-3C9303888C5A} = {F998C241-5AD3-4309-83D9-936E93551A0F}
		{EE34C23E-0F78-4EC5-BA8B-A0395E2565D4} = {F998C241-5AD3-4309-83D9-936E93551A0F}
		{A918E4A6-1ECD-4830-88B2-2EFDA130CB6E} = {F998C241-5AD3-4309-83D9-936E93551A0F}
		{0FFE5808-80D2-4233-99AB-6B558F50281E} = {F998C241-5AD3-4309-83D9-936E93551A0F}
		{221BA935-2A5B-4DBB-9BC2-CFF6635F5643} = {DB69C6C8-04C6-4CBA-925A-6C596D4E1F7B}
	EndGlobalSection
	GlobalSection(ExtensibilityGlobals) = postSolution
		SolutionGuid = {0E3FD9EB-2B6C-4D66-96DF-2A05FEE2B34D}
	EndGlobalSection
EndGlobal
